{
  "object": {
    "pins": [
      {
        "package": "SnackBar",
        "repositoryURL": "https://github.com/ahmedAlmasri/SnackBar.swift",
        "state": {
          "branch": null,
          "revision": "1582bc0f57a65a84f2bed763ed695d30f7afe3a0",
          "version": "0.1.1"
        }
      },
      {
        "package": "SnapKit",
        "repositoryURL": "https://github.com/SnapKit/SnapKit.git",
        "state": {
          "branch": null,
          "revision": "d458564516e5676af9c70b4f4b2a9178294f1bc6",
          "version": "5.0.1"
        }
      },
      {
        "package": "SQLite.swift",
        "repositoryURL": "https://github.com/stephencelis/SQLite.swift",
        "state": {
          "branch": null,
          "revision": "9af51e2edf491c0ea632e369a6566e09b65aa333",
          "version": "0.13.0"
        }
      }
    ]
  },
  "version": 1
}
